
Microsoft Visual Studio Solution File, Format Version 12.00
# Visual Studio Version 16
VisualStudioVersion = 16.0.29509.3
MinimumVisualStudioVersion = 10.0.40219.1
Project("{9A19103F-16F7-4668-BE54-9A1E7A4F7556}") = "AppsCLI", "AppsCLI.csproj", "{0A31EDDD-84DE-47AF-9348-E781670E35F8}"
EndProject
Global
	GlobalSection(SolutionConfigurationPlatforms) = preSolution
		Debug|Any CPU = Debug|Any CPU
		Release|Any CPU = Release|Any CPU
	EndGlobalSection
	GlobalSection(ProjectConfigurationPlatforms) = postSolution
		{0A31EDDD-84DE-47AF-9348-E781670E35F8}.Debug|Any CPU.ActiveCfg = Debug|Any CPU
		{0A31EDDD-84DE-47AF-9348-E781670E35F8}.Debug|Any CPU.Build.0 = Debug|Any CPU
		{0A31EDDD-84DE-47AF-9348-E781670E35F8}.Release|Any CPU.ActiveCfg = Release|Any CPU
		{0A31EDDD-84DE-47AF-9348-E781670E35F8}.Release|Any CPU.Build.0 = Release|Any CPU
	EndGlobalSection
	GlobalSection(SolutionProperties) = preSolution
		HideSolutionNode = FALSE
	EndGlobalSection
	GlobalSection(ExtensibilityGlobals) = postSolution
		SolutionGuid = {09C8CCA9-C663-41F4-899B-1BA2DD5CA4CF}
	EndGlobalSection
EndGlobal
